
Microsoft Visual Studio Solution File, Format Version 12.00
# Visual Studio Version 17
VisualStudioVersion = 17.13.36105.23 d17.13
MinimumVisualStudioVersion = 10.0.40219.1
Project("{FAE04EC0-301F-11D3-BF4B-00C04F79EFBC}") = "FakeTimeTracker", "FakeTimeTracker\FakeTimeTracker.csproj", "{E19AA40A-9D01-49D4-92A0-94EA01522D34}"
EndProject
Global
	GlobalSection(SolutionConfigurationPlatforms) = preSolution
		Debug|Any CPU = Debug|Any CPU
		Release|Any CPU = Release|Any CPU
	EndGlobalSection
	GlobalSection(ProjectConfigurationPlatforms) = postSolution
		{E19AA40A-9D01-49D4-92A0-94EA01522D34}.Debug|Any CPU.ActiveCfg = Debug|Any CPU
		{E19AA40A-9D01-49D4-92A0-94EA01522D34}.Debug|Any CPU.Build.0 = Debug|Any CPU
		{E19AA40A-9D01-49D4-92A0-94EA01522D34}.Release|Any CPU.ActiveCfg = Release|Any CPU
		{E19AA40A-9D01-49D4-92A0-94EA01522D34}.Release|Any CPU.Build.0 = Release|Any CPU
	EndGlobalSection
	GlobalSection(SolutionProperties) = preSolution
		HideSolutionNode = FALSE
	EndGlobalSection
	GlobalSection(ExtensibilityGlobals) = postSolution
		SolutionGuid = {D77F1145-2169-4E25-A297-D51B8475B498}
	EndGlobalSection
EndGlobal
